
Microsoft Visual Studio Solution File, Format Version 12.00
# Visual Studio Version 17
VisualStudioVersion = 17.5.33502.453
MinimumVisualStudioVersion = 10.0.40219.1
Project("{FAE04EC0-301F-11D3-BF4B-00C04F79EFBC}") = "OopTutorial", "OopTutorial.csproj", "{EA48E4E0-7A45-4B1A-B85C-C3B53AEDBA29}"
EndProject
Global
	GlobalSection(SolutionConfigurationPlatforms) = preSolution
		Debug|Any CPU = Debug|Any CPU
		Release|Any CPU = Release|Any CPU
	EndGlobalSection
	GlobalSection(ProjectConfigurationPlatforms) = postSolution
		{EA48E4E0-7A45-4B1A-B85C-C3B53AEDBA29}.Debug|Any CPU.ActiveCfg = Debug|Any CPU
		{EA48E4E0-7A45-4B1A-B85C-C3B53AEDBA29}.Debug|Any CPU.Build.0 = Debug|Any CPU
		{EA48E4E0-7A45-4B1A-B85C-C3B53AEDBA29}.Release|Any CPU.ActiveCfg = Release|Any CPU
		{EA48E4E0-7A45-4B1A-B85C-C3B53AEDBA29}.Release|Any CPU.Build.0 = Release|Any CPU
	EndGlobalSection
	GlobalSection(SolutionProperties) = preSolution
		HideSolutionNode = FALSE
	EndGlobalSection
	GlobalSection(ExtensibilityGlobals) = postSolution
		SolutionGuid = {AF832772-0B97-4D1A-AAA5-E2EE5CA0EC95}
	EndGlobalSection
EndGlobal
